// !$*UTF8*$!
{
	archiveVersion = 1;
	classes = {
	};
	objectVersion = 46;
	objects = {

/* Begin PBXBuildFile section */
		08591AE51AE5AF4A008ECF01 /* AppDelegate.swift in Sources */ = {isa = PBXBuildFile; fileRef = 08591AE41AE5AF4A008ECF01 /* AppDelegate.swift */; };
		08591AE71AE5AF4A008ECF01 /* ViewController.swift in Sources */ = {isa = PBXBuildFile; fileRef = 08591AE61AE5AF4A008ECF01 /* ViewController.swift */; };
		08591AEA1AE5AF4A008ECF01 /* Main.storyboard in Resources */ = {isa = PBXBuildFile; fileRef = 08591AE81AE5AF4A008ECF01 /* Main.storyboard */; };
		08591AEC1AE5AF4A008ECF01 /* Images.xcassets in Resources */ = {isa = PBXBuildFile; fileRef = 08591AEB1AE5AF4A008ECF01 /* Images.xcassets */; };
		08591AEF1AE5AF4A008ECF01 /* LaunchScreen.xib in Resources */ = {isa = PBXBuildFile; fileRef = 08591AED1AE5AF4A008ECF01 /* LaunchScreen.xib */; };
		08591AFB1AE5AF4A008ECF01 /* PostcardTests.swift in Sources */ = {isa = PBXBuildFile; fileRef = 08591AFA1AE5AF4A008ECF01 /* PostcardTests.swift */; };
		08591B051AE70E16008ECF01 /* SagradaFamilia.jpeg in Resources */ = {isa = PBXBuildFile; fileRef = 08591B041AE70E16008ECF01 /* SagradaFamilia.jpeg */; };
		08591B071AE70E4E008ECF01 /* AlbertEinsteinStamp.jpg in Resources */ = {isa = PBXBuildFile; fileRef = 08591B061AE70E4E008ECF01 /* AlbertEinsteinStamp.jpg */; };
/* End PBXBuildFile section */

/* Begin PBXContainerItemProxy section */
		08591AF51AE5AF4A008ECF01 /* PBXContainerItemProxy */ = {
			isa = PBXContainerItemProxy;
			containerPortal = 08591AD71AE5AF4A008ECF01 /* Project object */;
			proxyType = 1;
			remoteGlobalIDString = 08591ADE1AE5AF4A008ECF01;
			remoteInfo = Postcard;
		};
/* End PBXContainerItemProxy section */

/* Begin PBXFileReference section */
		08591ADF1AE5AF4A008ECF01 /* Postcard.app */ = {isa = PBXFileReference; explicitFileType = wrapper.application; includeInIndex = 0; path = Postcard.app; sourceTree = BUILT_PRODUCTS_DIR; };
		08591AE31AE5AF4A008ECF01 /* Info.plist */ = {isa = PBXFileReference; lastKnownFileType = text.plist.xml; path = Info.plist; sourceTree = "<group>"; };
		08591AE41AE5AF4A008ECF01 /* AppDelegate.swift */ = {isa = PBXFileReference; lastKnownFileType = sourcecode.swift; path = AppDelegate.swift; sourceTree = "<group>"; };
		08591AE61AE5AF4A008ECF01 /* ViewController.swift */ = {isa = PBXFileReference; lastKnownFileType = sourcecode.swift; path = ViewController.swift; sourceTree = "<group>"; };
		08591AE91AE5AF4A008ECF01 /* Base */ = {isa = PBXFileReference; lastKnownFileType = file.storyboard; name = Base; path = Base.lproj/Main.storyboard; sourceTree = "<group>"; };
		08591AEB1AE5AF4A008ECF01 /* Images.xcassets */ = {isa = PBXFileReference; lastKnownFileType = folder.assetcatalog; path = Images.xcassets; sourceTree = "<group>"; };
		08591AEE1AE5AF4A008ECF01 /* Base */ = {isa = PBXFileReference; lastKnownFileType = file.xib; name = Base; path = Base.lproj/LaunchScreen.xib; sourceTree = "<group>"; };
		08591AF41AE5AF4A008ECF01 /* PostcardTests.xctest */ = {isa = PBXFileReference; explicitFileType = wrapper.cfbundle; includeInIndex = 0; path = PostcardTests.xctest; sourceTree = BUILT_PRODUCTS_DIR; };
		08591AF91AE5AF4A008ECF01 /* Info.plist */ = {isa = PBXFileReference; lastKnownFileType = text.plist.xml; path = Info.plist; sourceTree = "<group>"; };
		08591AFA1AE5AF4A008ECF01 /* PostcardTests.swift */ = {isa = PBXFileReference; lastKnownFileType = sourcecode.swift; path = PostcardTests.swift; sourceTree = "<group>"; };
		08591B041AE70E16008ECF01 /* SagradaFamilia.jpeg */ = {isa = PBXFileReference; lastKnownFileType = image.jpeg; path = SagradaFamilia.jpeg; sourceTree = "<group>"; };
		08591B061AE70E4E008ECF01 /* AlbertEinsteinStamp.jpg */ = {isa = PBXFileReference; lastKnownFileType = image.jpeg; path = AlbertEinsteinStamp.jpg; sourceTree = "<group>"; };
/* End PBXFileReference section */

/* Begin PBXFrameworksBuildPhase section */
		08591ADC1AE5AF4A008ECF01 /* Frameworks */ = {
			isa = PBXFrameworksBuildPhase;
			buildActionMask = 2147483647;
			files = (
			);
			runOnlyForDeploymentPostprocessing = 0;
		};
		08591AF11AE5AF4A008ECF01 /* Frameworks */ = {
			isa = PBXFrameworksBuildPhase;
			buildActionMask = 2147483647;
			files = (
			);
			runOnlyForDeploymentPostprocessing = 0;
		};
/* End PBXFrameworksBuildPhase section */

/* Begin PBXGroup section */
		08591AD61AE5AF4A008ECF01 = {
			isa = PBXGroup;
			children = (
				08591AE11AE5AF4A008ECF01 /* Postcard */,
				08591AF71AE5AF4A008ECF01 /* PostcardTests */,
				08591AE01AE5AF4A008ECF01 /* Products */,
			);
			sourceTree = "<group>";
		};
		08591AE01AE5AF4A008ECF01 /* Products */ = {
			isa = PBXGroup;
			children = (
				08591ADF1AE5AF4A008ECF01 /* Postcard.app */,
				08591AF41AE5AF4A008ECF01 /* PostcardTests.xctest */,
			);
			name = Products;
			sourceTree = "<group>";
		};
		08591AE11AE5AF4A008ECF01 /* Postcard */ = {
			isa = PBXGroup;
			children = (
				08591AE41AE5AF4A008ECF01 /* AppDelegate.swift */,
				08591AE61AE5AF4A008ECF01 /* ViewController.swift */,
				08591AE81AE5AF4A008ECF01 /* Main.storyboard */,
				08591AEB1AE5AF4A008ECF01 /* Images.xcassets */,
				08591AED1AE5AF4A008ECF01 /* LaunchScreen.xib */,
				08591AE21AE5AF4A008ECF01 /* Supporting Files */,
			);
			path = Postcard;
			sourceTree = "<group>";
		};
		08591AE21AE5AF4A008ECF01 /* Supporting Files */ = {
			isa = PBXGroup;
			children = (
				08591B061AE70E4E008ECF01 /* AlbertEinsteinStamp.jpg */,
				08591B041AE70E16008ECF01 /* SagradaFamilia.jpeg */,
				08591AE31AE5AF4A008ECF01 /* Info.plist */,
			);
			name = "Supporting Files";
			sourceTree = "<group>";
		};
		08591AF71AE5AF4A008ECF01 /* PostcardTests */ = {
			isa = PBXGroup;
			children = (
				08591AFA1AE5AF4A008ECF01 /* PostcardTests.swift */,
				08591AF81AE5AF4A008ECF01 /* Supporting Files */,
			);
			path = PostcardTests;
			sourceTree = "<group>";
		};
		08591AF81AE5AF4A008ECF01 /* Supporting Files */ = {
			isa = PBXGroup;
			children = (
				08591AF91AE5AF4A008ECF01 /* Info.plist */,
			);
			name = "Supporting Files";
			sourceTree = "<group>";
		};
/* End PBXGroup section */

/* Begin PBXNativeTarget section */
		08591ADE1AE5AF4A008ECF01 /* Postcard */ = {
			isa = PBXNativeTarget;
			buildConfigurationList = 08591AFE1AE5AF4A008ECF01 /* Build configuration list for PBXNativeTarget "Postcard" */;
			buildPhases = (
				08591ADB1AE5AF4A008ECF01 /* Sources */,
				08591ADC1AE5AF4A008ECF01 /* Frameworks */,
				08591ADD1AE5AF4A008ECF01 /* Resources */,
			);
			buildRules = (
			);
			dependencies = (
			);
			name = Postcard;
			productName = Postcard;
			productReference = 08591ADF1AE5AF4A008ECF01 /* Postcard.app */;
			productType = "com.apple.product-type.application";
		};
		08591AF31AE5AF4A008ECF01 /* PostcardTests */ = {
			isa = PBXNativeTarget;
			buildConfigurationList = 08591B011AE5AF4A008ECF01 /* Build configuration list for PBXNativeTarget "PostcardTests" */;
			buildPhases = (
				08591AF01AE5AF4A008ECF01 /* Sources */,
				08591AF11AE5AF4A008ECF01 /* Frameworks */,
				08591AF21AE5AF4A008ECF01 /* Resources */,
			);
			buildRules = (
			);
			dependencies = (
				08591AF61AE5AF4A008ECF01 /* PBXTargetDependency */,
			);
			name = PostcardTests;
			productName = PostcardTests;
			productReference = 08591AF41AE5AF4A008ECF01 /* PostcardTests.xctest */;
			productType = "com.apple.product-type.bundle.unit-test";
		};
/* End PBXNativeTarget section */

/* Begin PBXProject section */
		08591AD71AE5AF4A008ECF01 /* Project object */ = {
			isa = PBXProject;
			attributes = {
				LastUpgradeCheck = 0630;
				ORGANIZATIONNAME = "Jose Salguero";
				TargetAttributes = {
					08591ADE1AE5AF4A008ECF01 = {
						CreatedOnToolsVersion = 6.3;
					};
					08591AF31AE5AF4A008ECF01 = {
						CreatedOnToolsVersion = 6.3;
						TestTargetID = 08591ADE1AE5AF4A008ECF01;
					};
				};
			};
			buildConfigurationList = 08591ADA1AE5AF4A008ECF01 /* Build configuration list for PBXProject "Postcard" */;
			compatibilityVersion = "Xcode 3.2";
			developmentRegion = English;
			hasScannedForEncodings = 0;
			knownRegions = (
				en,
				Base,
			);
			mainGroup = 08591AD61AE5AF4A008ECF01;
			productRefGroup = 08591AE01AE5AF4A008ECF01 /* Products */;
			projectDirPath = "";
			projectRoot = "";
			targets = (
				08591ADE1AE5AF4A008ECF01 /* Postcard */,
				08591AF31AE5AF4A008ECF01 /* PostcardTests */,
			);
		};
/* End PBXProject section */

/* Begin PBXResourcesBuildPhase section */
		08591ADD1AE5AF4A008ECF01 /* Resources */ = {
			isa = PBXResourcesBuildPhase;
			buildActionMask = 2147483647;
			files = (
				08591AEA1AE5AF4A008ECF01 /* Main.storyboard in Resources */,
				08591B051AE70E16008ECF01 /* SagradaFamilia.jpeg in Resources */,
				08591B071AE70E4E008ECF01 /* AlbertEinsteinStamp.jpg in Resources */,
				08591AEF1AE5AF4A008ECF01 /* LaunchScreen.xib in Resources */,
				08591AEC1AE5AF4A008ECF01 /* Images.xcassets in Resources */,
			);
			runOnlyForDeploymentPostprocessing = 0;
		};
		08591AF21AE5AF4A008ECF01 /* Resources */ = {
			isa = PBXResourcesBuildPhase;
			buildActionMask = 2147483647;
			files = (
			);
			runOnlyForDeploymentPostprocessing = 0;
		};
/* End PBXResourcesBuildPhase section */

/* Begin PBXSourcesBuildPhase section */
		08591ADB1AE5AF4A008ECF01 /* Sources */ = {
			isa = PBXSourcesBuildPhase;
			buildActionMask = 2147483647;
			files = (
				08591AE71AE5AF4A008ECF01 /* ViewController.swift in Sources */,
				08591AE51AE5AF4A008ECF01 /* AppDelegate.swift in Sources */,
			);
			runOnlyForDeploymentPostprocessing = 0;
		};
		08591AF01AE5AF4A008ECF01 /* Sources */ = {
			isa = PBXSourcesBuildPhase;
			buildActionMask = 2147483647;
			files = (
				08591AFB1AE5AF4A008ECF01 /* PostcardTests.swift in Sources */,
			);
			runOnlyForDeploymentPostprocessing = 0;
		};
/* End PBXSourcesBuildPhase section */

/* Begin PBXTargetDependency section */
		08591AF61AE5AF4A008ECF01 /* PBXTargetDependency */ = {
			isa = PBXTargetDependency;
			target = 08591ADE1AE5AF4A008ECF01 /* Postcard */;
			targetProxy = 08591AF51AE5AF4A008ECF01 /* PBXContainerItemProxy */;
		};
/* End PBXTargetDependency section */

/* Begin PBXVariantGroup section */
		08591AE81AE5AF4A008ECF01 /* Main.storyboard */ = {
			isa = PBXVariantGroup;
			children = (
				08591AE91AE5AF4A008ECF01 /* Base */,
			);
			name = Main.storyboard;
			sourceTree = "<group>";
		};
		08591AED1AE5AF4A008ECF01 /* LaunchScreen.xib */ = {
			isa = PBXVariantGroup;
			children = (
				08591AEE1AE5AF4A008ECF01 /* Base */,
			);
			name = LaunchScreen.xib;
			sourceTree = "<group>";
		};
/* End PBXVariantGroup section */

/* Begin XCBuildConfiguration section */
		08591AFC1AE5AF4A008ECF01 /* Debug */ = {
			isa = XCBuildConfiguration;
			buildSettings = {
				ALWAYS_SEARCH_USER_PATHS = NO;
				CLANG_CXX_LANGUAGE_STANDARD = "gnu++0x";
				CLANG_CXX_LIBRARY = "libc++";
				CLANG_ENABLE_MODULES = YES;
				CLANG_ENABLE_OBJC_ARC = YES;
				CLANG_WARN_BOOL_CONVERSION = YES;
				CLANG_WARN_CONSTANT_CONVERSION = YES;
				CLANG_WARN_DIRECT_OBJC_ISA_USAGE = YES_ERROR;
				CLANG_WARN_EMPTY_BODY = YES;
				CLANG_WARN_ENUM_CONVERSION = YES;
				CLANG_WARN_INT_CONVERSION = YES;
				CLANG_WARN_OBJC_ROOT_CLASS = YES_ERROR;
				CLANG_WARN_UNREACHABLE_CODE = YES;
				CLANG_WARN__DUPLICATE_METHOD_MATCH = YES;
				"CODE_SIGN_IDENTITY[sdk=iphoneos*]" = "iPhone Developer";
				COPY_PHASE_STRIP = NO;
				DEBUG_INFORMATION_FORMAT = "dwarf-with-dsym";
				ENABLE_STRICT_OBJC_MSGSEND = YES;
				GCC_C_LANGUAGE_STANDARD = gnu99;
				GCC_DYNAMIC_NO_PIC = NO;
				GCC_NO_COMMON_BLOCKS = YES;
				GCC_OPTIMIZATION_LEVEL = 0;
				GCC_PREPROCESSOR_DEFINITIONS = (
					"DEBUG=1",
					"$(inherited)",
				);
				GCC_SYMBOLS_PRIVATE_EXTERN = NO;
				GCC_WARN_64_TO_32_BIT_CONVERSION = YES;
				GCC_WARN_ABOUT_RETURN_TYPE = YES_ERROR;
				GCC_WARN_UNDECLARED_SELECTOR = YES;
				GCC_WARN_UNINITIALIZED_AUTOS = YES_AGGRESSIVE;
				GCC_WARN_UNUSED_FUNCTION = YES;
				GCC_WARN_UNUSED_VARIABLE = YES;
				IPHONEOS_DEPLOYMENT_TARGET = 8.3;
				MTL_ENABLE_DEBUG_INFO = YES;
				ONLY_ACTIVE_ARCH = YES;
				SDKROOT = iphoneos;
				SWIFT_OPTIMIZATION_LEVEL = "-Onone";
			};
			name = Debug;
		};
		08591AFD1AE5AF4A008ECF01 /* Release */ = {
			isa = XCBuildConfiguration;
			buildSettings = {
				ALWAYS_SEARCH_USER_PATHS = NO;
				CLANG_CXX_LANGUAGE_STANDARD = "gnu++0x";
				CLANG_CXX_LIBRARY = "libc++";
				CLANG_ENABLE_MODULES = YES;
				CLANG_ENABLE_OBJC_ARC = YES;
				CLANG_WARN_BOOL_CONVERSION = YES;
				CLANG_WARN_CONSTANT_CONVERSION = YES;
				CLANG_WARN_DIRECT_OBJC_ISA_USAGE = YES_ERROR;
				CLANG_WARN_EMPTY_BODY = YES;
				CLANG_WARN_ENUM_CONVERSION = YES;
				CLANG_WARN_INT_CONVERSION = YES;
				CLANG_WARN_OBJC_ROOT_CLASS = YES_ERROR;
				CLANG_WARN_UNREACHABLE_CODE = YES;
				CLANG_WARN__DUPLICATE_METHOD_MATCH = YES;
				"CODE_SIGN_IDENTITY[sdk=iphoneos*]" = "iPhone Developer";
				COPY_PHASE_STRIP = NO;
				DEBUG_INFORMATION_FORMAT = "dwarf-with-dsym";
				ENABLE_NS_ASSERTIONS = NO;
				ENABLE_STRICT_OBJC_MSGSEND = YES;
				GCC_C_LANGUAGE_STANDARD = gnu99;
				GCC_NO_COMMON_BLOCKS = YES;
				GCC_WARN_64_TO_32_BIT_CONVERSION = YES;
				GCC_WARN_ABOUT_RETURN_TYPE = YES_ERROR;
				GCC_WARN_UNDECLARED_SELECTOR = YES;
				GCC_WARN_UNINITIALIZED_AUTOS = YES_AGGRESSIVE;
				GCC_WARN_UNUSED_FUNCTION = YES;
				GCC_WARN_UNUSED_VARIABLE = YES;
				IPHONEOS_DEPLOYMENT_TARGET = 8.3;
				MTL_ENABLE_DEBUG_INFO = NO;
				SDKROOT = iphoneos;
				VALIDATE_PRODUCT = YES;
			};
			name = Release;
		};
		08591AFF1AE5AF4A008ECF01 /* Debug */ = {
			isa = XCBuildConfiguration;
			buildSettings = {
				ASSETCATALOG_COMPILER_APPICON_NAME = AppIcon;
				INFOPLIST_FILE = Postcard/Info.plist;
				LD_RUNPATH_SEARCH_PATHS = "$(inherited) @executable_path/Frameworks";
				PRODUCT_NAME = "$(TARGET_NAME)";
				TARGETED_DEVICE_FAMILY = "1,2";
			};
			name = Debug;
		};
		08591B001AE5AF4A008ECF01 /* Release */ = {
			isa = XCBuildConfiguration;
			buildSettings = {
				ASSETCATALOG_COMPILER_APPICON_NAME = AppIcon;
				INFOPLIST_FILE = Postcard/Info.plist;
				LD_RUNPATH_SEARCH_PATHS = "$(inherited) @executable_path/Frameworks";
				PRODUCT_NAME = "$(TARGET_NAME)";
				TARGETED_DEVICE_FAMILY = "1,2";
			};
			name = Release;
		};
		08591B021AE5AF4A008ECF01 /* Debug */ = {
			isa = XCBuildConfiguration;
			buildSettings = {
				BUNDLE_LOADER = "$(TEST_HOST)";
				FRAMEWORK_SEARCH_PATHS = (
					"$(SDKROOT)/Developer/Library/Frameworks",
					"$(inherited)",
				);
				GCC_PREPROCESSOR_DEFINITIONS = (
					"DEBUG=1",
					"$(inherited)",
				);
				INFOPLIST_FILE = PostcardTests/Info.plist;
				LD_RUNPATH_SEARCH_PATHS = "$(inherited) @executable_path/Frameworks @loader_path/Frameworks";
				PRODUCT_NAME = "$(TARGET_NAME)";
				TEST_HOST = "$(BUILT_PRODUCTS_DIR)/Postcard.app/Postcard";
			};
			name = Debug;
		};
		08591B031AE5AF4A008ECF01 /* Release */ = {
			isa = XCBuildConfiguration;
			buildSettings = {
				BUNDLE_LOADER = "$(TEST_HOST)";
				FRAMEWORK_SEARCH_PATHS = (
					"$(SDKROOT)/Developer/Library/Frameworks",
					"$(inherited)",
				);
				INFOPLIST_FILE = PostcardTests/Info.plist;
				LD_RUNPATH_SEARCH_PATHS = "$(inherited) @executable_path/Frameworks @loader_path/Frameworks";
				PRODUCT_NAME = "$(TARGET_NAME)";
				TEST_HOST = "$(BUILT_PRODUCTS_DIR)/Postcard.app/Postcard";
			};
			name = Release;
		};
/* End XCBuildConfiguration section */

/* Begin XCConfigurationList section */
		08591ADA1AE5AF4A008ECF01 /* Build configuration list for PBXProject "Postcard" */ = {
			isa = XCConfigurationList;
			buildConfigurations = (
				08591AFC1AE5AF4A008ECF01 /* Debug */,
				08591AFD1AE5AF4A008ECF01 /* Release */,
			);
			defaultConfigurationIsVisible = 0;
			defaultConfigurationName = Release;
		};
		08591AFE1AE5AF4A008ECF01 /* Build configuration list for PBXNativeTarget "Postcard" */ = {
			isa = XCConfigurationList;
			buildConfigurations = (
				08591AFF1AE5AF4A008ECF01 /* Debug */,
				08591B001AE5AF4A008ECF01 /* Release */,
			);
			defaultConfigurationIsVisible = 0;
		};
		08591B011AE5AF4A008ECF01 /* Build configuration list for PBXNativeTarget "PostcardTests" */ = {
			isa = XCConfigurationList;
			buildConfigurations = (
				08591B021AE5AF4A008ECF01 /* Debug */,
				08591B031AE5AF4A008ECF01 /* Release */,
			);
			defaultConfigurationIsVisible = 0;
		};
/* End XCConfigurationList section */
	};
	rootObject = 08591AD71AE5AF4A008ECF01 /* Project object */;
}
